{
  "version": 4,
  "terraform_version": "1.9.0",
  "serial": 224,
  "lineage": "203b2a9e-2810-f495-54a1-81f3cc80303c",
  "outputs": {
    "internet_gateway_id": {
      "value": "igw-044b0050722277626",
      "type": "string"
    },
    "load_balancer_dns": {
      "value": "public-lb-989621528.us-east-1.elb.amazonaws.com",
      "type": "string"
    },
    "private_key": {
      "value": "-----BEGIN RSA PRIVATE KEY-----\nMIIJKQIBAAKCAgEAwUg5WQf7R0sgiRCZpBPSCW2EktP1miDAzZn3Z4QTPiPQYLAj\n+ddAQwFptK1PR9/tURSXdyYMGNBBu7M5yhvhzNm9IJFbYdDFp0xRcu3SAAK0tMT7\ndmlhKHzYwXtdkONGkuyiZ0vqpKCtfaFTKBq/FvOQi9+3D2Yf7qdiPFsyd1WR4FrV\naGs9f4Xd9hIT+ZEtMaQbGzwi+Vyul8932vz0x69/Watz4CP2T+OjU3SpPFM6IvQP\nz632agjFNdrGGoyCw7kWEsbWQnn6PiPT8XSXlEWQwmtFq8wQPrN9H2iiNEYTjtd6\nR4vIQ5QA9HCMHYg5jkdOr9Yoj1+GAXiRREl+/D8hS0vcOOALlSeg7KF5N+XoaZNn\nMYEeJI1k/KG862z6Pf+vl6ZGHPvdY1ykhTIMnSkhG/GEspCQlDV41m+wCi2UMYix\nDuBBpZ6KCY3bIN5uYwlWT4afp/Lv2fsmbraoDJ+Rq7hHq5CkT8h215cbh7UeYAQ3\nVX7SyYXHF1oLcp9hsqoghsZpSRJYpVRkl3DZMC1BPVR0UN+CbfwrYH/twQ8hxv72\nCiZYGcuJfoaVp4f9/lBdDK8SJbdHOKwz2qmZdZL1oqfVhNdzRC69WlHDa58Pvzlu\nR7tGfvbkVRTOTLSqU6BqAI6PZHaDDFh6onKJsLFxgKaSx66W1FaY7UVTMVcCAwEA\nAQKCAgEApVOcCjWzkGYIrHVQlnKFxJ6zOcyoVnARu0wpvZfRxeNoiGviOgEO7MG2\no19jYz19h08vyDD5Q/hPYbiKhACZgln1Vng/TEoB53p2aPJYIL4vyDh+R+kXvEQe\nPFHD1P0zDtXujKD5UlxGSiHGOZW3QnCQgbSYp0lZow/2DV6Mqlq9bsUDqk+gyQW+\nuI76Gw09NSsELKWh3N6UUTKbeOvKjUvmiNMJSP454Ff9CpPNdtZR8jgFlkVdc5GQ\n7uH1dhwedkBJS0JdX3tqu+B1mCF8zs06Z7LOY4cnlhp9unIL3N7cN+DErZI5eOSO\ndIgYseImKTeBbRKomwrAW13AFEMxpCGQWI5aB/S2CU5oECZBmk9Irc9/3WMxgchE\nNFEkWc/swbycVjQOsaCOud7j4SyxwcJWxCd3iLChjZ3eyGSHQh4CCV5x+8eQl04R\nXtuJtIJKi0rVVh/w/19TJzYul9GURq6rKDszLFaSNnQs0gqxxZbALfyAN/oAnrPP\neCFye7SYggGeQSS/y24rSSB65iE8k5D7aBiXSbygSBTuUOkf+Moeri2yRN23BUxj\nCuhC8kA9SlOND6U1xDmGI6Y1+YXsEqW+rSu2vDTlkeqMFEZAsEqpgubF+riMdDYN\nW1OwFZ9fJe+6yHBvD3UUNqBEBqSH41h+NfrZe0qg/5ffehrYmTECggEBANUn+KXt\nnPQumYQjGbERdVI0/U+L+DLG/ijy+vPR2FcPfVahT8KhhJitdmtQBS6MNa/elSL4\nNPEpHWWWPhUejXGtDOLZEf3opIqodq1rgy6AEL/zUbDeBEsLzMDl5hM05wFQt7f6\nGt3uqsOyGqCmRM2FU1MQqq6+StOvcylALxOf1ps5X5CkESqe8mT7NHZE+JvbD5Tb\n4ZaZmgFmcmRBP+6CXGDMPp+eaIot30oXFLaqmX0Rz4g/xDZ1T4v5L/r69OC7Rabq\nBYXhCi8a7wZc/RHpqZhXEAgWYoMZN/QYGLfsopU5ZZCaBrmOlnaYid9BTJ4ui6MW\nv7hg7a4HmNHPCeMCggEBAOghoMNPwB9r2PUE4tkWwN1uJnUrRibhTBruQS/WeXE9\nPzmJYtu9C/uvmXATS+MChDmkswCVPWMA/tHyjMtGqds4epmbn8oddamXvDEp3S7A\no1kxmAA7D9I4wvCE4QMvhabLT5SDavgcmchkFBH1pfHiE60KQpve7vYgUYBz43Up\nBxgeCpmDDiNoq7GIZEjGoTdLMZf1lbDt/ot3xZqiF7ya9UB/i8HITRw8+5Gp/chZ\nh2aLmwhYqaRbOdYMp2UBfOXFVThcLSpYImplDqTSIWCKypQuYdbLLwJScjgIMAae\nqyhlKti7pxjPniGMk2q/D8y1RL5K1oWtN/zF0dLrpP0CggEBAJ8OB42RRAg1aZpf\nMsGdHGVuYwLjmB4TvP3Dah1cHcnBJi7pigHa0n23GmEzQdqdB0anmbORcLfvjR8L\nwGGz/amwjqgLgFBuM7G/yWbYjfe52kXRg8itsphpQq1CH69/T0z89UpUV435lPUY\nRqRPzZFqhmW6TxK7rkxNZGqImVhUcig75KKiuqiKGKffhyMljjmGehcDCE9/aJrY\n3k0PH2yTW+ljHuuuoaVSW4cGuA8iOAxKqQirRHe6i9QP6oymjOnQ9EV75Qkkhpvl\nxiyCYNjn+gRSGwVd5r6ap9T90hwUeLFPNglz1cbKrl3qrx6ntEtowgu9Yuxrb4/n\n3VHZ4y8CggEAH3ePh2pkLN49xtkmty7ybhHkfLWlCNg5rNznUUjNpaAb1fzdvdPe\nr/uZ3SuAegF5UycUbNvOOoGECYnLtDKcC++YDwKdopRjwt2i0TdPmGrcudaTOFTJ\nTEINivU4W2oxv+6HlyZJdeDKp/OJFPYrzKJM8IQXi3GpCwxOgA81okgxgf9wiGbP\nn9UskSBgF811RT2YN3U/GYDppJZT3yZh+Vs4K8oec+JnMZDCuXhFwscAJ9J87aC3\nPmRvbqjAeFy/RZZ+eulj5f2UjL+uQIGLrL6jv3qaILfiY3oxqY7Sk9MmeI9eQ4sM\nl7xtPzcDNNE5nxJjgzg55F0a3dUjIGh5MQKCAQBo/wHa+h9uMSfC0aU6WFCCb+3S\nlpuoE2p1TzF4R7TfM8k9v1MmxJT8yMFDf1GA0P7M0l9wd0++ewHc6e0W+xaBdUFv\nrB59QNls25Y5bLLyC0plqYhcl8dwvhZqHSAq4g3/EIC1XMLj/BEq3phg5+5tm1rR\nIEqliZsDMSLGoB8DjfgSOUTMias+iCAwiTBpEdrOA7p4P7HZY7B8uJxVnBXjEhIv\nTvygIOg6l52OD/W3QuV1Jz/4PgduiFwmhD6omgIs4g7jQKrPFV8wJuxX4TJKkx3S\nYmyJv69qg/V+yj49NP7MWop1OG2GNNbpIMf3k2ZMJiYSJ9yrgVHjygX/5mOP\n-----END RSA PRIVATE KEY-----\n",
      "type": "string",
      "sensitive": true
    },
    "private_subnets": {
      "value": [
        "subnet-02a0b0f2ca5c576cb",
        "subnet-07eda0c4509ff8f69"
      ],
      "type": [
        "tuple",
        [
          "string",
          "string"
        ]
      ]
    },
    "public_key": {
      "value": "webkeypair",
      "type": "string"
    },
    "public_subnets": {
      "value": [
        "subnet-01b6cc77e624293d7",
        "subnet-08621a24d778f5170"
      ],
      "type": [
        "tuple",
        [
          "string",
          "string"
        ]
      ]
    },
    "rds_instance_endpoint": {
      "value": "mydb.cxph3yvsgltz.us-east-1.rds.amazonaws.com:3306",
      "type": "string"
    },
    "vpc_id": {
      "value": "vpc-00a27aad9988998e3",
      "type": "string"
    },
    "web_instance_id": {
      "value": "i-07bb9788f4cdde1e4",
      "type": "string"
    }
  },
  "resources": [
    {
      "mode": "data",
      "type": "aws_availability_zones",
      "name": "available",
      "provider": "provider[\"registry.terraform.io/hashicorp/aws\"]",
      "instances": [
        {
          "schema_version": 0,
          "attributes": {
            "all_availability_zones": null,
            "exclude_names": null,
            "exclude_zone_ids": null,
            "filter": null,
            "group_names": [
              "us-east-1"
            ],
            "id": "us-east-1",
            "names": [
              "us-east-1a",
              "us-east-1b",
              "us-east-1c",
              "us-east-1d",
              "us-east-1e",
              "us-east-1f"
            ],
            "state": null,
            "timeouts": null,
            "zone_ids": [
              "use1-az2",
              "use1-az4",
              "use1-az6",
              "use1-az1",
              "use1-az3",
              "use1-az5"
            ]
          },
          "sensitive_attributes": []
        }
      ]
    },
    {
      "mode": "data",
      "type": "aws_iam_user",
      "name": "current",
      "provider": "provider[\"registry.terraform.io/hashicorp/aws\"]",
      "instances": [
        {
          "schema_version": 0,
          "attributes": {
            "arn": "arn:aws:iam::446702770539:user/s3admin",
            "id": "AIDAWQAMPLFVY52DI6W3B",
            "path": "/",
            "permissions_boundary": "",
            "tags": {},
            "user_id": "AIDAWQAMPLFVY52DI6W3B",
            "user_name": "s3admin"
          },
          "sensitive_attributes": []
        }
      ]
    },
    {
      "mode": "managed",
      "type": "aws_db_instance",
      "name": "default",
      "provider": "provider[\"registry.terraform.io/hashicorp/aws\"]",
      "instances": [
        {
          "schema_version": 2,
          "attributes": {
            "address": "mydb.cxph3yvsgltz.us-east-1.rds.amazonaws.com",
            "allocated_storage": 20,
            "allow_major_version_upgrade": null,
            "apply_immediately": false,
            "arn": "arn:aws:rds:us-east-1:446702770539:db:mydb",
            "auto_minor_version_upgrade": true,
            "availability_zone": "us-east-1a",
            "backup_retention_period": 0,
            "backup_target": "region",
            "backup_window": "07:33-08:03",
            "blue_green_update": [],
            "ca_cert_identifier": "rds-ca-rsa2048-g1",
            "character_set_name": "",
            "copy_tags_to_snapshot": false,
            "custom_iam_instance_profile": "",
            "customer_owned_ip_enabled": false,
            "db_name": "",
            "db_subnet_group_name": "unique-web-subnet-group-rds",
            "dedicated_log_volume": false,
            "delete_automated_backups": true,
            "deletion_protection": false,
            "domain": "",
            "domain_auth_secret_arn": "",
            "domain_dns_ips": [],
            "domain_fqdn": "",
            "domain_iam_role_name": "",
            "domain_ou": "",
            "enabled_cloudwatch_logs_exports": [],
            "endpoint": "mydb.cxph3yvsgltz.us-east-1.rds.amazonaws.com:3306",
            "engine": "mysql",
            "engine_version": "8.0.37",
            "engine_version_actual": "8.0.37",
            "final_snapshot_identifier": null,
            "hosted_zone_id": "Z2R2ITUGPM61AM",
            "iam_database_authentication_enabled": false,
            "id": "db-ZFJXL3KFR7LD2LLLME2S3HT3FI",
            "identifier": "mydb",
            "identifier_prefix": "",
            "instance_class": "db.c6gd.medium",
            "iops": 0,
            "kms_key_id": "",
            "latest_restorable_time": "",
            "license_model": "general-public-license",
            "listener_endpoint": [],
            "maintenance_window": "sat:06:20-sat:06:50",
            "manage_master_user_password": null,
            "master_user_secret": [],
            "master_user_secret_kms_key_id": null,
            "max_allocated_storage": 0,
            "monitoring_interval": 0,
            "monitoring_role_arn": "",
            "multi_az": false,
            "nchar_character_set_name": "",
            "network_type": "IPV4",
            "option_group_name": "default:mysql-8-0",
            "parameter_group_name": "default.mysql8.0",
            "password": "password",
            "performance_insights_enabled": false,
            "performance_insights_kms_key_id": "",
            "performance_insights_retention_period": 0,
            "port": 3306,
            "publicly_accessible": false,
            "replica_mode": "",
            "replicas": [],
            "replicate_source_db": "",
            "resource_id": "db-ZFJXL3KFR7LD2LLLME2S3HT3FI",
            "restore_to_point_in_time": [],
            "s3_import": [],
            "skip_final_snapshot": true,
            "snapshot_identifier": null,
            "status": "available",
            "storage_encrypted": false,
            "storage_throughput": 0,
            "storage_type": "gp2",
            "tags": {
              "Name": "default-rds-instance"
            },
            "tags_all": {
              "Name": "default-rds-instance"
            },
            "timeouts": null,
            "timezone": "",
            "username": "admin",
            "vpc_security_group_ids": [
              "sg-0045a473cc056a8a2"
            ]
          },
          "sensitive_attributes": [
            [
              {
                "type": "get_attr",
                "value": "password"
              }
            ]
          ],
          "private": "eyJlMmJmYjczMC1lY2FhLTExZTYtOGY4OC0zNDM2M2JjN2M0YzAiOnsiY3JlYXRlIjoyNDAwMDAwMDAwMDAwLCJkZWxldGUiOjM2MDAwMDAwMDAwMDAsInVwZGF0ZSI6NDgwMDAwMDAwMDAwMH0sInNjaGVtYV92ZXJzaW9uIjoiMiJ9",
          "dependencies": [
            "aws_db_subnet_group.main",
            "aws_security_group.rds_sg",
            "aws_security_group.web_sg",
            "aws_subnet.private",
            "aws_vpc.main",
            "data.aws_availability_zones.available"
          ]
        }
      ]
    },
    {
      "mode": "managed",
      "type": "aws_db_subnet_group",
      "name": "main",
      "provider": "provider[\"registry.terraform.io/hashicorp/aws\"]",
      "instances": [
        {
          "schema_version": 0,
          "attributes": {
            "arn": "arn:aws:rds:us-east-1:446702770539:subgrp:unique-web-subnet-group-rds",
            "description": "Managed by Terraform",
            "id": "unique-web-subnet-group-rds",
            "name": "unique-web-subnet-group-rds",
            "name_prefix": "",
            "subnet_ids": [
              "subnet-02a0b0f2ca5c576cb",
              "subnet-07eda0c4509ff8f69"
            ],
            "supported_network_types": [
              "IPV4"
            ],
            "tags": {
              "Name": "main-subnet-group"
            },
            "tags_all": {
              "Name": "main-subnet-group"
            },
            "vpc_id": "vpc-00a27aad9988998e3"
          },
          "sensitive_attributes": [],
          "private": "bnVsbA==",
          "dependencies": [
            "aws_subnet.private",
            "aws_vpc.main",
            "data.aws_availability_zones.available"
          ]
        }
      ]
    },
    {
      "mode": "managed",
      "type": "aws_instance",
      "name": "web",
      "provider": "provider[\"registry.terraform.io/hashicorp/aws\"]",
      "instances": [
        {
          "schema_version": 1,
          "attributes": {
            "ami": "ami-06c68f701d8090592",
            "arn": "arn:aws:ec2:us-east-1:446702770539:instance/i-07bb9788f4cdde1e4",
            "associate_public_ip_address": true,
            "availability_zone": "us-east-1a",
            "capacity_reservation_specification": [
              {
                "capacity_reservation_preference": "open",
                "capacity_reservation_target": []
              }
            ],
            "cpu_core_count": 1,
            "cpu_options": [
              {
                "amd_sev_snp": "",
                "core_count": 1,
                "threads_per_core": 1
              }
            ],
            "cpu_threads_per_core": 1,
            "credit_specification": [
              {
                "cpu_credits": "standard"
              }
            ],
            "disable_api_stop": false,
            "disable_api_termination": false,
            "ebs_block_device": [],
            "ebs_optimized": false,
            "enclave_options": [
              {
                "enabled": false
              }
            ],
            "ephemeral_block_device": [],
            "get_password_data": false,
            "hibernation": false,
            "host_id": "",
            "host_resource_group_arn": null,
            "iam_instance_profile": "",
            "id": "i-07bb9788f4cdde1e4",
            "instance_initiated_shutdown_behavior": "stop",
            "instance_lifecycle": "",
            "instance_market_options": [],
            "instance_state": "running",
            "instance_type": "t2.micro",
            "ipv6_address_count": 0,
            "ipv6_addresses": [],
            "key_name": "webkeypair",
            "launch_template": [],
            "maintenance_options": [
              {
                "auto_recovery": "default"
              }
            ],
            "metadata_options": [
              {
                "http_endpoint": "enabled",
                "http_protocol_ipv6": "disabled",
                "http_put_response_hop_limit": 2,
                "http_tokens": "required",
                "instance_metadata_tags": "disabled"
              }
            ],
            "monitoring": false,
            "network_interface": [],
            "outpost_arn": "",
            "password_data": "",
            "placement_group": "",
            "placement_partition_number": 0,
            "primary_network_interface_id": "eni-0ebb14d576f61bf86",
            "private_dns": "ip-10-0-0-14.ec2.internal",
            "private_dns_name_options": [
              {
                "enable_resource_name_dns_a_record": false,
                "enable_resource_name_dns_aaaa_record": false,
                "hostname_type": "ip-name"
              }
            ],
            "private_ip": "10.0.0.14",
            "public_dns": "",
            "public_ip": "18.209.167.203",
            "root_block_device": [
              {
                "delete_on_termination": true,
                "device_name": "/dev/xvda",
                "encrypted": false,
                "iops": 3000,
                "kms_key_id": "",
                "tags": {},
                "tags_all": {},
                "throughput": 125,
                "volume_id": "vol-01e50ccead3d995ab",
                "volume_size": 8,
                "volume_type": "gp3"
              }
            ],
            "secondary_private_ips": [],
            "security_groups": [
              "sg-04d4c565a51ba3d9f"
            ],
            "source_dest_check": true,
            "spot_instance_request_id": "",
            "subnet_id": "subnet-01b6cc77e624293d7",
            "tags": {
              "Name": "WebServer"
            },
            "tags_all": {
              "Name": "WebServer"
            },
            "tenancy": "default",
            "timeouts": null,
            "user_data": "0ed2eb405f9ad96de31f77634aeb311304c3e640",
            "user_data_base64": null,
            "user_data_replace_on_change": false,
            "volume_tags": null,
            "vpc_security_group_ids": [
              "sg-04d4c565a51ba3d9f"
            ]
          },
          "sensitive_attributes": [],
          "private": "eyJlMmJmYjczMC1lY2FhLTExZTYtOGY4OC0zNDM2M2JjN2M0YzAiOnsiY3JlYXRlIjo2MDAwMDAwMDAwMDAsImRlbGV0ZSI6MTIwMDAwMDAwMDAwMCwicmVhZCI6OTAwMDAwMDAwMDAwLCJ1cGRhdGUiOjYwMDAwMDAwMDAwMH0sInNjaGVtYV92ZXJzaW9uIjoiMSJ9",
          "dependencies": [
            "aws_key_pair.webkeypair",
            "aws_security_group.web_sg",
            "aws_subnet.public",
            "aws_vpc.main",
            "data.aws_availability_zones.available",
            "tls_private_key.webkeypair"
          ]
        }
      ]
    },
    {
      "mode": "managed",
      "type": "aws_key_pair",
      "name": "webkeypair",
      "provider": "provider[\"registry.terraform.io/hashicorp/aws\"]",
      "instances": [
        {
          "schema_version": 1,
          "attributes": {
            "arn": "arn:aws:ec2:us-east-1:446702770539:key-pair/webkeypair",
            "fingerprint": "47:e4:4e:21:6b:db:13:af:84:2a:b9:23:22:0d:35:a4",
            "id": "webkeypair",
            "key_name": "webkeypair",
            "key_name_prefix": "",
            "key_pair_id": "key-0bb9e37e9ce5d5915",
            "key_type": "rsa",
            "public_key": "ssh-rsa AAAAB3NzaC1yc2EAAAADAQABAAACAQDBSDlZB/tHSyCJEJmkE9IJbYSS0/WaIMDNmfdnhBM+I9BgsCP510BDAWm0rU9H3+1RFJd3JgwY0EG7sznKG+HM2b0gkVth0MWnTFFy7dIAArS0xPt2aWEofNjBe12Q40aS7KJnS+qkoK19oVMoGr8W85CL37cPZh/up2I8WzJ3VZHgWtVoaz1/hd32EhP5kS0xpBsbPCL5XK6Xz3fa/PTHr39Zq3PgI/ZP46NTdKk8Uzoi9A/PrfZqCMU12sYajILDuRYSxtZCefo+I9PxdJeURZDCa0WrzBA+s30faKI0RhOO13pHi8hDlAD0cIwdiDmOR06v1iiPX4YBeJFESX78PyFLS9w44AuVJ6DsoXk35ehpk2cxgR4kjWT8obzrbPo9/6+XpkYc+91jXKSFMgydKSEb8YSykJCUNXjWb7AKLZQxiLEO4EGlnooJjdsg3m5jCVZPhp+n8u/Z+yZutqgMn5GruEerkKRPyHbXlxuHtR5gBDdVftLJhccXWgtyn2GyqiCGxmlJElilVGSXcNkwLUE9VHRQ34Jt/Ctgf+3BDyHG/vYKJlgZy4l+hpWnh/3+UF0MrxIlt0c4rDPaqZl1kvWip9WE13NELr1aUcNrnw+/OW5Hu0Z+9uRVFM5MtKpToGoAjo9kdoMMWHqicomwsXGAppLHrpbUVpjtRVMxVw==",
            "tags": {
              "Name": "WebKeyPair"
            },
            "tags_all": {
              "Name": "WebKeyPair"
            }
          },
          "sensitive_attributes": [],
          "private": "eyJzY2hlbWFfdmVyc2lvbiI6IjEifQ==",
          "dependencies": [
            "tls_private_key.webkeypair"
          ]
        }
      ]
    },
    {
      "mode": "managed",
      "type": "aws_lb",
      "name": "public",
      "provider": "provider[\"registry.terraform.io/hashicorp/aws\"]",
      "instances": [
        {
          "schema_version": 0,
          "attributes": {
            "access_logs": [
              {
                "bucket": "",
                "enabled": false,
                "prefix": ""
              }
            ],
            "arn": "arn:aws:elasticloadbalancing:us-east-1:446702770539:loadbalancer/app/public-lb/d7c23e227d27cdeb",
            "arn_suffix": "app/public-lb/d7c23e227d27cdeb",
            "client_keep_alive": 3600,
            "connection_logs": [
              {
                "bucket": "",
                "enabled": false,
                "prefix": ""
              }
            ],
            "customer_owned_ipv4_pool": "",
            "desync_mitigation_mode": "defensive",
            "dns_name": "public-lb-989621528.us-east-1.elb.amazonaws.com",
            "dns_record_client_routing_policy": null,
            "drop_invalid_header_fields": false,
            "enable_cross_zone_load_balancing": true,
            "enable_deletion_protection": false,
            "enable_http2": true,
            "enable_tls_version_and_cipher_suite_headers": false,
            "enable_waf_fail_open": false,
            "enable_xff_client_port": false,
            "enforce_security_group_inbound_rules_on_private_link_traffic": "",
            "id": "arn:aws:elasticloadbalancing:us-east-1:446702770539:loadbalancer/app/public-lb/d7c23e227d27cdeb",
            "idle_timeout": 60,
            "internal": false,
            "ip_address_type": "ipv4",
            "load_balancer_type": "application",
            "name": "public-lb",
            "name_prefix": "",
            "preserve_host_header": false,
            "security_groups": [
              "sg-04d4c565a51ba3d9f"
            ],
            "subnet_mapping": [
              {
                "allocation_id": "",
                "ipv6_address": "",
                "outpost_id": "",
                "private_ipv4_address": "",
                "subnet_id": "subnet-01b6cc77e624293d7"
              },
              {
                "allocation_id": "",
                "ipv6_address": "",
                "outpost_id": "",
                "private_ipv4_address": "",
                "subnet_id": "subnet-08621a24d778f5170"
              }
            ],
            "subnets": [
              "subnet-01b6cc77e624293d7",
              "subnet-08621a24d778f5170"
            ],
            "tags": {
              "Name": "public-lb"
            },
            "tags_all": {
              "Name": "public-lb"
            },
            "timeouts": null,
            "vpc_id": "vpc-00a27aad9988998e3",
            "xff_header_processing_mode": "append",
            "zone_id": "Z35SXDOTRQ7X7K"
          },
          "sensitive_attributes": [],
          "private": "eyJlMmJmYjczMC1lY2FhLTExZTYtOGY4OC0zNDM2M2JjN2M0YzAiOnsiY3JlYXRlIjo2MDAwMDAwMDAwMDAsImRlbGV0ZSI6NjAwMDAwMDAwMDAwLCJ1cGRhdGUiOjYwMDAwMDAwMDAwMH19",
          "dependencies": [
            "aws_security_group.web_sg",
            "aws_subnet.public",
            "aws_vpc.main",
            "data.aws_availability_zones.available"
          ]
        }
      ]
    },
    {
      "mode": "managed",
      "type": "aws_lb_listener",
      "name": "web_listener",
      "provider": "provider[\"registry.terraform.io/hashicorp/aws\"]",
      "instances": [
        {
          "schema_version": 0,
          "attributes": {
            "alpn_policy": null,
            "arn": "arn:aws:elasticloadbalancing:us-east-1:446702770539:listener/app/public-lb/d7c23e227d27cdeb/eee8936d3d282732",
            "certificate_arn": null,
            "default_action": [
              {
                "authenticate_cognito": [],
                "authenticate_oidc": [],
                "fixed_response": [],
                "forward": [],
                "order": 1,
                "redirect": [],
                "target_group_arn": "arn:aws:elasticloadbalancing:us-east-1:446702770539:targetgroup/web-tg/b2cd82e41982e2c3",
                "type": "forward"
              }
            ],
            "id": "arn:aws:elasticloadbalancing:us-east-1:446702770539:listener/app/public-lb/d7c23e227d27cdeb/eee8936d3d282732",
            "load_balancer_arn": "arn:aws:elasticloadbalancing:us-east-1:446702770539:loadbalancer/app/public-lb/d7c23e227d27cdeb",
            "mutual_authentication": [],
            "port": 80,
            "protocol": "HTTP",
            "ssl_policy": "",
            "tags": {
              "Name": "web-listener"
            },
            "tags_all": {
              "Name": "web-listener"
            },
            "timeouts": null
          },
          "sensitive_attributes": [],
          "private": "eyJlMmJmYjczMC1lY2FhLTExZTYtOGY4OC0zNDM2M2JjN2M0YzAiOnsiY3JlYXRlIjozMDAwMDAwMDAwMDAsInVwZGF0ZSI6MzAwMDAwMDAwMDAwfX0=",
          "dependencies": [
            "aws_lb.public",
            "aws_lb_target_group.web_tg",
            "aws_security_group.web_sg",
            "aws_subnet.public",
            "aws_vpc.main",
            "data.aws_availability_zones.available"
          ]
        }
      ]
    },
    {
      "mode": "managed",
      "type": "aws_lb_target_group",
      "name": "web_tg",
      "provider": "provider[\"registry.terraform.io/hashicorp/aws\"]",
      "instances": [
        {
          "schema_version": 0,
          "attributes": {
            "arn": "arn:aws:elasticloadbalancing:us-east-1:446702770539:targetgroup/web-tg/b2cd82e41982e2c3",
            "arn_suffix": "targetgroup/web-tg/b2cd82e41982e2c3",
            "connection_termination": null,
            "deregistration_delay": "300",
            "health_check": [
              {
                "enabled": true,
                "healthy_threshold": 5,
                "interval": 30,
                "matcher": "200",
                "path": "/",
                "port": "traffic-port",
                "protocol": "HTTP",
                "timeout": 5,
                "unhealthy_threshold": 2
              }
            ],
            "id": "arn:aws:elasticloadbalancing:us-east-1:446702770539:targetgroup/web-tg/b2cd82e41982e2c3",
            "ip_address_type": "ipv4",
            "lambda_multi_value_headers_enabled": false,
            "load_balancer_arns": [
              "arn:aws:elasticloadbalancing:us-east-1:446702770539:loadbalancer/app/public-lb/d7c23e227d27cdeb"
            ],
            "load_balancing_algorithm_type": "round_robin",
            "load_balancing_anomaly_mitigation": "off",
            "load_balancing_cross_zone_enabled": "use_load_balancer_configuration",
            "name": "web-tg",
            "name_prefix": "",
            "port": 80,
            "preserve_client_ip": null,
            "protocol": "HTTP",
            "protocol_version": "HTTP1",
            "proxy_protocol_v2": false,
            "slow_start": 0,
            "stickiness": [
              {
                "cookie_duration": 86400,
                "cookie_name": "",
                "enabled": false,
                "type": "lb_cookie"
              }
            ],
            "tags": {
              "Name": "web-tg"
            },
            "tags_all": {
              "Name": "web-tg"
            },
            "target_failover": [
              {
                "on_deregistration": null,
                "on_unhealthy": null
              }
            ],
            "target_health_state": [
              {
                "enable_unhealthy_connection_termination": null
              }
            ],
            "target_type": "instance",
            "vpc_id": "vpc-00a27aad9988998e3"
          },
          "sensitive_attributes": [],
          "private": "bnVsbA=="
        }
      ]
    },
    {
      "mode": "managed",
      "type": "aws_lb_target_group_attachment",
      "name": "web_tg_attachment",
      "provider": "provider[\"registry.terraform.io/hashicorp/aws\"]",
      "instances": [
        {
          "schema_version": 0,
          "attributes": {
            "availability_zone": null,
            "id": "arn:aws:elasticloadbalancing:us-east-1:446702770539:targetgroup/web-tg/b2cd82e41982e2c3-20240704083011077100000002",
            "port": 80,
            "target_group_arn": "arn:aws:elasticloadbalancing:us-east-1:446702770539:targetgroup/web-tg/b2cd82e41982e2c3",
            "target_id": "i-07bb9788f4cdde1e4"
          },
          "sensitive_attributes": [],
          "private": "bnVsbA==",
          "dependencies": [
            "aws_instance.web",
            "aws_key_pair.webkeypair",
            "aws_lb_target_group.web_tg",
            "aws_security_group.web_sg",
            "aws_subnet.public",
            "aws_vpc.main",
            "data.aws_availability_zones.available",
            "tls_private_key.webkeypair"
          ]
        }
      ]
    },
    {
      "mode": "managed",
      "type": "aws_route_table",
      "name": "public",
      "provider": "provider[\"registry.terraform.io/hashicorp/aws\"]",
      "instances": [
        {
          "schema_version": 0,
          "attributes": {
            "arn": "arn:aws:ec2:us-east-1:446702770539:route-table/rtb-0e9301ab44b3ef482",
            "id": "rtb-0e9301ab44b3ef482",
            "owner_id": "446702770539",
            "propagating_vgws": [],
            "route": [
              {
                "carrier_gateway_id": "",
                "cidr_block": "0.0.0.0/0",
                "core_network_arn": "",
                "destination_prefix_list_id": "",
                "egress_only_gateway_id": "",
                "gateway_id": "igw-044b0050722277626",
                "ipv6_cidr_block": "",
                "local_gateway_id": "",
                "nat_gateway_id": "",
                "network_interface_id": "",
                "transit_gateway_id": "",
                "vpc_endpoint_id": "",
                "vpc_peering_connection_id": ""
              }
            ],
            "tags": {
              "Name": "public-route-table"
            },
            "tags_all": {
              "Name": "public-route-table"
            },
            "timeouts": null,
            "vpc_id": "vpc-00a27aad9988998e3"
          },
          "sensitive_attributes": [],
          "private": "eyJlMmJmYjczMC1lY2FhLTExZTYtOGY4OC0zNDM2M2JjN2M0YzAiOnsiY3JlYXRlIjozMDAwMDAwMDAwMDAsImRlbGV0ZSI6MzAwMDAwMDAwMDAwLCJ1cGRhdGUiOjEyMDAwMDAwMDAwMH19"
        }
      ]
    },
    {
      "mode": "managed",
      "type": "aws_route_table_association",
      "name": "public",
      "provider": "provider[\"registry.terraform.io/hashicorp/aws\"]",
      "instances": [
        {
          "index_key": 0,
          "schema_version": 0,
          "attributes": {
            "gateway_id": "",
            "id": "rtbassoc-06012a4fcb6d339a8",
            "route_table_id": "rtb-0bdfa61fdf0b6a17c",
            "subnet_id": "subnet-01b6cc77e624293d7",
            "timeouts": null
          },
          "sensitive_attributes": [],
          "private": "eyJlMmJmYjczMC1lY2FhLTExZTYtOGY4OC0zNDM2M2JjN2M0YzAiOnsiY3JlYXRlIjozMDAwMDAwMDAwMDAsImRlbGV0ZSI6MzAwMDAwMDAwMDAwLCJ1cGRhdGUiOjEyMDAwMDAwMDAwMH19",
          "dependencies": [
            "aws_subnet.public",
            "aws_vpc.main",
            "data.aws_availability_zones.available"
          ]
        },
        {
          "index_key": 1,
          "schema_version": 0,
          "attributes": {
            "gateway_id": "",
            "id": "rtbassoc-044465bed36199325",
            "route_table_id": "rtb-0bdfa61fdf0b6a17c",
            "subnet_id": "subnet-08621a24d778f5170",
            "timeouts": null
          },
          "sensitive_attributes": [],
          "private": "eyJlMmJmYjczMC1lY2FhLTExZTYtOGY4OC0zNDM2M2JjN2M0YzAiOnsiY3JlYXRlIjozMDAwMDAwMDAwMDAsImRlbGV0ZSI6MzAwMDAwMDAwMDAwLCJ1cGRhdGUiOjEyMDAwMDAwMDAwMH19",
          "dependencies": [
            "aws_subnet.public",
            "aws_vpc.main",
            "data.aws_availability_zones.available"
          ]
        }
      ]
    },
    {
      "mode": "managed",
      "type": "aws_security_group",
      "name": "rds_sg",
      "provider": "provider[\"registry.terraform.io/hashicorp/aws\"]",
      "instances": [
        {
          "schema_version": 1,
          "attributes": {
            "arn": "arn:aws:ec2:us-east-1:446702770539:security-group/sg-0045a473cc056a8a2",
            "description": "Managed by Terraform",
            "egress": [
              {
                "cidr_blocks": [
                  "0.0.0.0/0"
                ],
                "description": "",
                "from_port": 0,
                "ipv6_cidr_blocks": [],
                "prefix_list_ids": [],
                "protocol": "-1",
                "security_groups": [],
                "self": false,
                "to_port": 0
              }
            ],
            "id": "sg-0045a473cc056a8a2",
            "ingress": [
              {
                "cidr_blocks": [],
                "description": "",
                "from_port": 3306,
                "ipv6_cidr_blocks": [],
                "prefix_list_ids": [],
                "protocol": "tcp",
                "security_groups": [
                  "sg-04d4c565a51ba3d9f"
                ],
                "self": false,
                "to_port": 3306
              }
            ],
            "name": "terraform-20240703201733677900000003",
            "name_prefix": "terraform-",
            "owner_id": "446702770539",
            "revoke_rules_on_delete": false,
            "tags": {
              "Name": "rds-sg"
            },
            "tags_all": {
              "Name": "rds-sg"
            },
            "timeouts": null,
            "vpc_id": "vpc-00a27aad9988998e3"
          },
          "sensitive_attributes": [],
          "private": "eyJlMmJmYjczMC1lY2FhLTExZTYtOGY4OC0zNDM2M2JjN2M0YzAiOnsiY3JlYXRlIjo2MDAwMDAwMDAwMDAsImRlbGV0ZSI6OTAwMDAwMDAwMDAwfSwic2NoZW1hX3ZlcnNpb24iOiIxIn0=",
          "dependencies": [
            "aws_security_group.web_sg"
          ]
        }
      ]
    },
    {
      "mode": "managed",
      "type": "aws_security_group",
      "name": "web_sg",
      "provider": "provider[\"registry.terraform.io/hashicorp/aws\"]",
      "instances": [
        {
          "schema_version": 1,
          "attributes": {
            "arn": "arn:aws:ec2:us-east-1:446702770539:security-group/sg-04d4c565a51ba3d9f",
            "description": "Managed by Terraform",
            "egress": [
              {
                "cidr_blocks": [
                  "0.0.0.0/0"
                ],
                "description": "",
                "from_port": 0,
                "ipv6_cidr_blocks": [],
                "prefix_list_ids": [],
                "protocol": "-1",
                "security_groups": [],
                "self": false,
                "to_port": 0
              }
            ],
            "id": "sg-04d4c565a51ba3d9f",
            "ingress": [
              {
                "cidr_blocks": [
                  "0.0.0.0/0"
                ],
                "description": null,
                "from_port": 80,
                "ipv6_cidr_blocks": [],
                "prefix_list_ids": [],
                "protocol": "tcp",
                "security_groups": [],
                "self": false,
                "to_port": 80
              },
              {
                "cidr_blocks": [
                  "203.175.72.56/32"
                ],
                "description": "",
                "from_port": 22,
                "ipv6_cidr_blocks": [],
                "prefix_list_ids": [],
                "protocol": "tcp",
                "security_groups": [],
                "self": false,
                "to_port": 22
              }
            ],
            "name": "terraform-20240703201728138800000001",
            "name_prefix": "terraform-",
            "owner_id": "446702770539",
            "revoke_rules_on_delete": false,
            "tags": {
              "Name": "web-sg"
            },
            "tags_all": {
              "Name": "web-sg"
            },
            "timeouts": null,
            "vpc_id": "vpc-00a27aad9988998e3"
          },
          "sensitive_attributes": [],
          "private": "eyJlMmJmYjczMC1lY2FhLTExZTYtOGY4OC0zNDM2M2JjN2M0YzAiOnsiY3JlYXRlIjo2MDAwMDAwMDAwMDAsImRlbGV0ZSI6OTAwMDAwMDAwMDAwfSwic2NoZW1hX3ZlcnNpb24iOiIxIn0="
        }
      ]
    },
    {
      "mode": "managed",
      "type": "aws_subnet",
      "name": "private",
      "provider": "provider[\"registry.terraform.io/hashicorp/aws\"]",
      "instances": [
        {
          "index_key": 0,
          "schema_version": 1,
          "attributes": {
            "arn": "arn:aws:ec2:us-east-1:446702770539:subnet/subnet-02a0b0f2ca5c576cb",
            "assign_ipv6_address_on_creation": false,
            "availability_zone": "us-east-1a",
            "availability_zone_id": "use1-az2",
            "cidr_block": "10.0.0.128/28",
            "customer_owned_ipv4_pool": "",
            "enable_dns64": false,
            "enable_lni_at_device_index": 0,
            "enable_resource_name_dns_a_record_on_launch": false,
            "enable_resource_name_dns_aaaa_record_on_launch": false,
            "id": "subnet-02a0b0f2ca5c576cb",
            "ipv6_cidr_block": "",
            "ipv6_cidr_block_association_id": "",
            "ipv6_native": false,
            "map_customer_owned_ip_on_launch": false,
            "map_public_ip_on_launch": false,
            "outpost_arn": "",
            "owner_id": "446702770539",
            "private_dns_hostname_type_on_launch": "ip-name",
            "tags": {
              "Name": "private-subnet-1"
            },
            "tags_all": {
              "Name": "private-subnet-1"
            },
            "timeouts": null,
            "vpc_id": "vpc-00a27aad9988998e3"
          },
          "sensitive_attributes": [],
          "private": "eyJlMmJmYjczMC1lY2FhLTExZTYtOGY4OC0zNDM2M2JjN2M0YzAiOnsiY3JlYXRlIjo2MDAwMDAwMDAwMDAsImRlbGV0ZSI6MTIwMDAwMDAwMDAwMH0sInNjaGVtYV92ZXJzaW9uIjoiMSJ9",
          "dependencies": [
            "aws_vpc.main",
            "data.aws_availability_zones.available"
          ]
        },
        {
          "index_key": 1,
          "schema_version": 1,
          "attributes": {
            "arn": "arn:aws:ec2:us-east-1:446702770539:subnet/subnet-07eda0c4509ff8f69",
            "assign_ipv6_address_on_creation": false,
            "availability_zone": "us-east-1b",
            "availability_zone_id": "use1-az4",
            "cidr_block": "10.0.0.144/28",
            "customer_owned_ipv4_pool": "",
            "enable_dns64": false,
            "enable_lni_at_device_index": 0,
            "enable_resource_name_dns_a_record_on_launch": false,
            "enable_resource_name_dns_aaaa_record_on_launch": false,
            "id": "subnet-07eda0c4509ff8f69",
            "ipv6_cidr_block": "",
            "ipv6_cidr_block_association_id": "",
            "ipv6_native": false,
            "map_customer_owned_ip_on_launch": false,
            "map_public_ip_on_launch": false,
            "outpost_arn": "",
            "owner_id": "446702770539",
            "private_dns_hostname_type_on_launch": "ip-name",
            "tags": {
              "Name": "private-subnet-2"
            },
            "tags_all": {
              "Name": "private-subnet-2"
            },
            "timeouts": null,
            "vpc_id": "vpc-00a27aad9988998e3"
          },
          "sensitive_attributes": [],
          "private": "eyJlMmJmYjczMC1lY2FhLTExZTYtOGY4OC0zNDM2M2JjN2M0YzAiOnsiY3JlYXRlIjo2MDAwMDAwMDAwMDAsImRlbGV0ZSI6MTIwMDAwMDAwMDAwMH0sInNjaGVtYV92ZXJzaW9uIjoiMSJ9",
          "dependencies": [
            "aws_vpc.main",
            "data.aws_availability_zones.available"
          ]
        }
      ]
    },
    {
      "mode": "managed",
      "type": "aws_subnet",
      "name": "public",
      "provider": "provider[\"registry.terraform.io/hashicorp/aws\"]",
      "instances": [
        {
          "index_key": 0,
          "schema_version": 1,
          "attributes": {
            "arn": "arn:aws:ec2:us-east-1:446702770539:subnet/subnet-01b6cc77e624293d7",
            "assign_ipv6_address_on_creation": false,
            "availability_zone": "us-east-1a",
            "availability_zone_id": "use1-az2",
            "cidr_block": "10.0.0.0/28",
            "customer_owned_ipv4_pool": "",
            "enable_dns64": false,
            "enable_lni_at_device_index": 0,
            "enable_resource_name_dns_a_record_on_launch": false,
            "enable_resource_name_dns_aaaa_record_on_launch": false,
            "id": "subnet-01b6cc77e624293d7",
            "ipv6_cidr_block": "",
            "ipv6_cidr_block_association_id": "",
            "ipv6_native": false,
            "map_customer_owned_ip_on_launch": false,
            "map_public_ip_on_launch": true,
            "outpost_arn": "",
            "owner_id": "446702770539",
            "private_dns_hostname_type_on_launch": "ip-name",
            "tags": {
              "Name": "public-subnet-1"
            },
            "tags_all": {
              "Name": "public-subnet-1"
            },
            "timeouts": null,
            "vpc_id": "vpc-00a27aad9988998e3"
          },
          "sensitive_attributes": [],
          "private": "eyJlMmJmYjczMC1lY2FhLTExZTYtOGY4OC0zNDM2M2JjN2M0YzAiOnsiY3JlYXRlIjo2MDAwMDAwMDAwMDAsImRlbGV0ZSI6MTIwMDAwMDAwMDAwMH0sInNjaGVtYV92ZXJzaW9uIjoiMSJ9",
          "dependencies": [
            "aws_vpc.main",
            "data.aws_availability_zones.available"
          ]
        },
        {
          "index_key": 1,
          "schema_version": 1,
          "attributes": {
            "arn": "arn:aws:ec2:us-east-1:446702770539:subnet/subnet-08621a24d778f5170",
            "assign_ipv6_address_on_creation": false,
            "availability_zone": "us-east-1b",
            "availability_zone_id": "use1-az4",
            "cidr_block": "10.0.0.16/28",
            "customer_owned_ipv4_pool": "",
            "enable_dns64": false,
            "enable_lni_at_device_index": 0,
            "enable_resource_name_dns_a_record_on_launch": false,
            "enable_resource_name_dns_aaaa_record_on_launch": false,
            "id": "subnet-08621a24d778f5170",
            "ipv6_cidr_block": "",
            "ipv6_cidr_block_association_id": "",
            "ipv6_native": false,
            "map_customer_owned_ip_on_launch": false,
            "map_public_ip_on_launch": true,
            "outpost_arn": "",
            "owner_id": "446702770539",
            "private_dns_hostname_type_on_launch": "ip-name",
            "tags": {
              "Name": "public-subnet-2"
            },
            "tags_all": {
              "Name": "public-subnet-2"
            },
            "timeouts": null,
            "vpc_id": "vpc-00a27aad9988998e3"
          },
          "sensitive_attributes": [],
          "private": "eyJlMmJmYjczMC1lY2FhLTExZTYtOGY4OC0zNDM2M2JjN2M0YzAiOnsiY3JlYXRlIjo2MDAwMDAwMDAwMDAsImRlbGV0ZSI6MTIwMDAwMDAwMDAwMH0sInNjaGVtYV92ZXJzaW9uIjoiMSJ9",
          "dependencies": [
            "aws_vpc.main",
            "data.aws_availability_zones.available"
          ]
        }
      ]
    },
    {
      "mode": "managed",
      "type": "aws_vpc",
      "name": "main",
      "provider": "provider[\"registry.terraform.io/hashicorp/aws\"]",
      "instances": [
        {
          "schema_version": 1,
          "attributes": {
            "arn": "arn:aws:ec2:us-east-1:446702770539:vpc/vpc-00a27aad9988998e3",
            "assign_generated_ipv6_cidr_block": false,
            "cidr_block": "10.0.0.0/24",
            "default_network_acl_id": "acl-03914ff2f9ab5d1b9",
            "default_route_table_id": "rtb-0bdfa61fdf0b6a17c",
            "default_security_group_id": "sg-08e4a89e2b0b51b53",
            "dhcp_options_id": "dopt-03c636e6a0589705e",
            "enable_dns_hostnames": false,
            "enable_dns_support": true,
            "enable_network_address_usage_metrics": false,
            "id": "vpc-00a27aad9988998e3",
            "instance_tenancy": "default",
            "ipv4_ipam_pool_id": null,
            "ipv4_netmask_length": null,
            "ipv6_association_id": "",
            "ipv6_cidr_block": "",
            "ipv6_cidr_block_network_border_group": "",
            "ipv6_ipam_pool_id": "",
            "ipv6_netmask_length": 0,
            "main_route_table_id": "rtb-0bdfa61fdf0b6a17c",
            "owner_id": "446702770539",
            "tags": {
              "Name": "MainVPC"
            },
            "tags_all": {
              "Name": "MainVPC"
            }
          },
          "sensitive_attributes": [],
          "private": "eyJzY2hlbWFfdmVyc2lvbiI6IjEifQ=="
        }
      ]
    },
    {
      "mode": "managed",
      "type": "tls_private_key",
      "name": "webkeypair",
      "provider": "provider[\"registry.terraform.io/hashicorp/tls\"]",
      "instances": [
        {
          "schema_version": 1,
          "attributes": {
            "algorithm": "RSA",
            "ecdsa_curve": "P224",
            "id": "6cf09f6397763443f2ef63462e3479142b638bbc",
            "private_key_openssh": "-----BEGIN OPENSSH PRIVATE KEY-----\nb3BlbnNzaC1rZXktdjEAAAAABG5vbmUAAAAEbm9uZQAAAAAAAAABAAACFwAAAAdz\nc2gtcnNhAAAAAwEAAQAAAgEAwUg5WQf7R0sgiRCZpBPSCW2EktP1miDAzZn3Z4QT\nPiPQYLAj+ddAQwFptK1PR9/tURSXdyYMGNBBu7M5yhvhzNm9IJFbYdDFp0xRcu3S\nAAK0tMT7dmlhKHzYwXtdkONGkuyiZ0vqpKCtfaFTKBq/FvOQi9+3D2Yf7qdiPFsy\nd1WR4FrVaGs9f4Xd9hIT+ZEtMaQbGzwi+Vyul8932vz0x69/Watz4CP2T+OjU3Sp\nPFM6IvQPz632agjFNdrGGoyCw7kWEsbWQnn6PiPT8XSXlEWQwmtFq8wQPrN9H2ii\nNEYTjtd6R4vIQ5QA9HCMHYg5jkdOr9Yoj1+GAXiRREl+/D8hS0vcOOALlSeg7KF5\nN+XoaZNnMYEeJI1k/KG862z6Pf+vl6ZGHPvdY1ykhTIMnSkhG/GEspCQlDV41m+w\nCi2UMYixDuBBpZ6KCY3bIN5uYwlWT4afp/Lv2fsmbraoDJ+Rq7hHq5CkT8h215cb\nh7UeYAQ3VX7SyYXHF1oLcp9hsqoghsZpSRJYpVRkl3DZMC1BPVR0UN+CbfwrYH/t\nwQ8hxv72CiZYGcuJfoaVp4f9/lBdDK8SJbdHOKwz2qmZdZL1oqfVhNdzRC69WlHD\na58PvzluR7tGfvbkVRTOTLSqU6BqAI6PZHaDDFh6onKJsLFxgKaSx66W1FaY7UVT\nMVcAAAc4O4n2DTuJ9g0AAAAHc3NoLXJzYQAAAgEAwUg5WQf7R0sgiRCZpBPSCW2E\nktP1miDAzZn3Z4QTPiPQYLAj+ddAQwFptK1PR9/tURSXdyYMGNBBu7M5yhvhzNm9\nIJFbYdDFp0xRcu3SAAK0tMT7dmlhKHzYwXtdkONGkuyiZ0vqpKCtfaFTKBq/FvOQ\ni9+3D2Yf7qdiPFsyd1WR4FrVaGs9f4Xd9hIT+ZEtMaQbGzwi+Vyul8932vz0x69/\nWatz4CP2T+OjU3SpPFM6IvQPz632agjFNdrGGoyCw7kWEsbWQnn6PiPT8XSXlEWQ\nwmtFq8wQPrN9H2iiNEYTjtd6R4vIQ5QA9HCMHYg5jkdOr9Yoj1+GAXiRREl+/D8h\nS0vcOOALlSeg7KF5N+XoaZNnMYEeJI1k/KG862z6Pf+vl6ZGHPvdY1ykhTIMnSkh\nG/GEspCQlDV41m+wCi2UMYixDuBBpZ6KCY3bIN5uYwlWT4afp/Lv2fsmbraoDJ+R\nq7hHq5CkT8h215cbh7UeYAQ3VX7SyYXHF1oLcp9hsqoghsZpSRJYpVRkl3DZMC1B\nPVR0UN+CbfwrYH/twQ8hxv72CiZYGcuJfoaVp4f9/lBdDK8SJbdHOKwz2qmZdZL1\noqfVhNdzRC69WlHDa58PvzluR7tGfvbkVRTOTLSqU6BqAI6PZHaDDFh6onKJsLFx\ngKaSx66W1FaY7UVTMVcAAAADAQABAAACAQClU5wKNbOQZgisdVCWcoXEnrM5zKhW\ncBG7TCm9l9HF42iIa+I6AQ7swbajX2NjPX2HTy/IMPlD+E9huIqEAJmCWfVWeD9M\nSgHnenZo8lggvi/IOH5H6Re8RB48UcPU/TMO1e6MoPlSXEZKIcY5lbdCcJCBtJin\nSVmjD/YNXoyqWr1uxQOqT6DJBb64jvobDT01KwQspaHc3pRRMpt468qNS+aI0wlI\n/jngV/0Kk8121lHyOAWWRV1zkZDu4fV2HB52QElLQl1fe2q74HWYIXzOzTpnss5j\nhyeWGn26cgvc3tw34MStkjl45I50iBix4iYpN4FtEqibCsBbXcAUQzGkIZBYjloH\n9LYJTmgQJkGaT0itz3/dYzGByEQ0USRZz+zBvJxWNA6xoI653uPhLLHBwlbEJ3eI\nsKGNnd7IZIdCHgIJXnH7x5CXThFe24m0gkqLStVWH/D/X1MnNi6X0ZRGrqsoOzMs\nVpI2dCzSCrHFlsAt/IA3+gCes894IXJ7tJiCAZ5BJL/LbitJIHrmITyTkPtoGJdJ\nvKBIFO5Q6R/4yh6uLbJE3bcFTGMK6ELyQD1KU40PpTXEOYYjpjX5hewSpb6tK7a8\nNOWR6owURkCwSqmC5sX6uIx0Ng1bU7AVn18l77rIcG8PdRQ2oEQGpIfjWH41+tl7\nSqD/l996GtiZMQAAAQBo/wHa+h9uMSfC0aU6WFCCb+3SlpuoE2p1TzF4R7TfM8k9\nv1MmxJT8yMFDf1GA0P7M0l9wd0++ewHc6e0W+xaBdUFvrB59QNls25Y5bLLyC0pl\nqYhcl8dwvhZqHSAq4g3/EIC1XMLj/BEq3phg5+5tm1rRIEqliZsDMSLGoB8DjfgS\nOUTMias+iCAwiTBpEdrOA7p4P7HZY7B8uJxVnBXjEhIvTvygIOg6l52OD/W3QuV1\nJz/4PgduiFwmhD6omgIs4g7jQKrPFV8wJuxX4TJKkx3SYmyJv69qg/V+yj49NP7M\nWop1OG2GNNbpIMf3k2ZMJiYSJ9yrgVHjygX/5mOPAAABAQDVJ/il7Zz0LpmEIxmx\nEXVSNP1Pi/gyxv4o8vrz0dhXD31WoU/CoYSYrXZrUAUujDWv3pUi+DTxKR1llj4V\nHo1xrQzi2RH96KSKqHata4MugBC/81Gw3gRLC8zA5eYTNOcBULe3+hrd7qrDshqg\npkTNhVNTEKquvkrTr3MpQC8Tn9abOV+QpBEqnvJk+zR2RPib2w+U2+GWmZoBZnJk\nQT/uglxgzD6fnmiKLd9KFxS2qpl9Ec+IP8Q2dU+L+S/6+vTgu0Wm6gWF4QovGu8G\nXP0R6amYVxAIFmKDGTf0GBi37KKVOWWQmga5jpZ2mInfQUyeLoujFr+4YO2uB5jR\nzwnjAAABAQDoIaDDT8Afa9j1BOLZFsDdbiZ1K0Ym4Uwa7kEv1nlxPT85iWLbvQv7\nr5lwE0vjAoQ5pLMAlT1jAP7R8ozLRqnbOHqZm5/KHXWpl7wxKd0uwKNZMZgAOw/S\nOMLwhOEDL4Wmy0+Ug2r4HJnIZBQR9aXx4hOtCkKb3u72IFGAc+N1KQcYHgqZgw4j\naKuxiGRIxqE3SzGX9ZWw7f6Ld8Waohe8mvVAf4vByE0cPPuRqf3IWYdmi5sIWKmk\nWznWDKdlAXzlxVU4XC0qWCJqZQ6k0iFgisqULmHWyy8CUnI4CDAGnqsoZSrYu6cY\nz54hjJNqvw/MtUS+StaFrTf8xdHS66T9AAAAAAEC\n-----END OPENSSH PRIVATE KEY-----\n",
            "private_key_pem": "-----BEGIN RSA PRIVATE KEY-----\nMIIJKQIBAAKCAgEAwUg5WQf7R0sgiRCZpBPSCW2EktP1miDAzZn3Z4QTPiPQYLAj\n+ddAQwFptK1PR9/tURSXdyYMGNBBu7M5yhvhzNm9IJFbYdDFp0xRcu3SAAK0tMT7\ndmlhKHzYwXtdkONGkuyiZ0vqpKCtfaFTKBq/FvOQi9+3D2Yf7qdiPFsyd1WR4FrV\naGs9f4Xd9hIT+ZEtMaQbGzwi+Vyul8932vz0x69/Watz4CP2T+OjU3SpPFM6IvQP\nz632agjFNdrGGoyCw7kWEsbWQnn6PiPT8XSXlEWQwmtFq8wQPrN9H2iiNEYTjtd6\nR4vIQ5QA9HCMHYg5jkdOr9Yoj1+GAXiRREl+/D8hS0vcOOALlSeg7KF5N+XoaZNn\nMYEeJI1k/KG862z6Pf+vl6ZGHPvdY1ykhTIMnSkhG/GEspCQlDV41m+wCi2UMYix\nDuBBpZ6KCY3bIN5uYwlWT4afp/Lv2fsmbraoDJ+Rq7hHq5CkT8h215cbh7UeYAQ3\nVX7SyYXHF1oLcp9hsqoghsZpSRJYpVRkl3DZMC1BPVR0UN+CbfwrYH/twQ8hxv72\nCiZYGcuJfoaVp4f9/lBdDK8SJbdHOKwz2qmZdZL1oqfVhNdzRC69WlHDa58Pvzlu\nR7tGfvbkVRTOTLSqU6BqAI6PZHaDDFh6onKJsLFxgKaSx66W1FaY7UVTMVcCAwEA\nAQKCAgEApVOcCjWzkGYIrHVQlnKFxJ6zOcyoVnARu0wpvZfRxeNoiGviOgEO7MG2\no19jYz19h08vyDD5Q/hPYbiKhACZgln1Vng/TEoB53p2aPJYIL4vyDh+R+kXvEQe\nPFHD1P0zDtXujKD5UlxGSiHGOZW3QnCQgbSYp0lZow/2DV6Mqlq9bsUDqk+gyQW+\nuI76Gw09NSsELKWh3N6UUTKbeOvKjUvmiNMJSP454Ff9CpPNdtZR8jgFlkVdc5GQ\n7uH1dhwedkBJS0JdX3tqu+B1mCF8zs06Z7LOY4cnlhp9unIL3N7cN+DErZI5eOSO\ndIgYseImKTeBbRKomwrAW13AFEMxpCGQWI5aB/S2CU5oECZBmk9Irc9/3WMxgchE\nNFEkWc/swbycVjQOsaCOud7j4SyxwcJWxCd3iLChjZ3eyGSHQh4CCV5x+8eQl04R\nXtuJtIJKi0rVVh/w/19TJzYul9GURq6rKDszLFaSNnQs0gqxxZbALfyAN/oAnrPP\neCFye7SYggGeQSS/y24rSSB65iE8k5D7aBiXSbygSBTuUOkf+Moeri2yRN23BUxj\nCuhC8kA9SlOND6U1xDmGI6Y1+YXsEqW+rSu2vDTlkeqMFEZAsEqpgubF+riMdDYN\nW1OwFZ9fJe+6yHBvD3UUNqBEBqSH41h+NfrZe0qg/5ffehrYmTECggEBANUn+KXt\nnPQumYQjGbERdVI0/U+L+DLG/ijy+vPR2FcPfVahT8KhhJitdmtQBS6MNa/elSL4\nNPEpHWWWPhUejXGtDOLZEf3opIqodq1rgy6AEL/zUbDeBEsLzMDl5hM05wFQt7f6\nGt3uqsOyGqCmRM2FU1MQqq6+StOvcylALxOf1ps5X5CkESqe8mT7NHZE+JvbD5Tb\n4ZaZmgFmcmRBP+6CXGDMPp+eaIot30oXFLaqmX0Rz4g/xDZ1T4v5L/r69OC7Rabq\nBYXhCi8a7wZc/RHpqZhXEAgWYoMZN/QYGLfsopU5ZZCaBrmOlnaYid9BTJ4ui6MW\nv7hg7a4HmNHPCeMCggEBAOghoMNPwB9r2PUE4tkWwN1uJnUrRibhTBruQS/WeXE9\nPzmJYtu9C/uvmXATS+MChDmkswCVPWMA/tHyjMtGqds4epmbn8oddamXvDEp3S7A\no1kxmAA7D9I4wvCE4QMvhabLT5SDavgcmchkFBH1pfHiE60KQpve7vYgUYBz43Up\nBxgeCpmDDiNoq7GIZEjGoTdLMZf1lbDt/ot3xZqiF7ya9UB/i8HITRw8+5Gp/chZ\nh2aLmwhYqaRbOdYMp2UBfOXFVThcLSpYImplDqTSIWCKypQuYdbLLwJScjgIMAae\nqyhlKti7pxjPniGMk2q/D8y1RL5K1oWtN/zF0dLrpP0CggEBAJ8OB42RRAg1aZpf\nMsGdHGVuYwLjmB4TvP3Dah1cHcnBJi7pigHa0n23GmEzQdqdB0anmbORcLfvjR8L\nwGGz/amwjqgLgFBuM7G/yWbYjfe52kXRg8itsphpQq1CH69/T0z89UpUV435lPUY\nRqRPzZFqhmW6TxK7rkxNZGqImVhUcig75KKiuqiKGKffhyMljjmGehcDCE9/aJrY\n3k0PH2yTW+ljHuuuoaVSW4cGuA8iOAxKqQirRHe6i9QP6oymjOnQ9EV75Qkkhpvl\nxiyCYNjn+gRSGwVd5r6ap9T90hwUeLFPNglz1cbKrl3qrx6ntEtowgu9Yuxrb4/n\n3VHZ4y8CggEAH3ePh2pkLN49xtkmty7ybhHkfLWlCNg5rNznUUjNpaAb1fzdvdPe\nr/uZ3SuAegF5UycUbNvOOoGECYnLtDKcC++YDwKdopRjwt2i0TdPmGrcudaTOFTJ\nTEINivU4W2oxv+6HlyZJdeDKp/OJFPYrzKJM8IQXi3GpCwxOgA81okgxgf9wiGbP\nn9UskSBgF811RT2YN3U/GYDppJZT3yZh+Vs4K8oec+JnMZDCuXhFwscAJ9J87aC3\nPmRvbqjAeFy/RZZ+eulj5f2UjL+uQIGLrL6jv3qaILfiY3oxqY7Sk9MmeI9eQ4sM\nl7xtPzcDNNE5nxJjgzg55F0a3dUjIGh5MQKCAQBo/wHa+h9uMSfC0aU6WFCCb+3S\nlpuoE2p1TzF4R7TfM8k9v1MmxJT8yMFDf1GA0P7M0l9wd0++ewHc6e0W+xaBdUFv\nrB59QNls25Y5bLLyC0plqYhcl8dwvhZqHSAq4g3/EIC1XMLj/BEq3phg5+5tm1rR\nIEqliZsDMSLGoB8DjfgSOUTMias+iCAwiTBpEdrOA7p4P7HZY7B8uJxVnBXjEhIv\nTvygIOg6l52OD/W3QuV1Jz/4PgduiFwmhD6omgIs4g7jQKrPFV8wJuxX4TJKkx3S\nYmyJv69qg/V+yj49NP7MWop1OG2GNNbpIMf3k2ZMJiYSJ9yrgVHjygX/5mOP\n-----END RSA PRIVATE KEY-----\n",
            "private_key_pem_pkcs8": "-----BEGIN PRIVATE KEY-----\nMIIJQwIBADANBgkqhkiG9w0BAQEFAASCCS0wggkpAgEAAoICAQDBSDlZB/tHSyCJ\nEJmkE9IJbYSS0/WaIMDNmfdnhBM+I9BgsCP510BDAWm0rU9H3+1RFJd3JgwY0EG7\nsznKG+HM2b0gkVth0MWnTFFy7dIAArS0xPt2aWEofNjBe12Q40aS7KJnS+qkoK19\noVMoGr8W85CL37cPZh/up2I8WzJ3VZHgWtVoaz1/hd32EhP5kS0xpBsbPCL5XK6X\nz3fa/PTHr39Zq3PgI/ZP46NTdKk8Uzoi9A/PrfZqCMU12sYajILDuRYSxtZCefo+\nI9PxdJeURZDCa0WrzBA+s30faKI0RhOO13pHi8hDlAD0cIwdiDmOR06v1iiPX4YB\neJFESX78PyFLS9w44AuVJ6DsoXk35ehpk2cxgR4kjWT8obzrbPo9/6+XpkYc+91j\nXKSFMgydKSEb8YSykJCUNXjWb7AKLZQxiLEO4EGlnooJjdsg3m5jCVZPhp+n8u/Z\n+yZutqgMn5GruEerkKRPyHbXlxuHtR5gBDdVftLJhccXWgtyn2GyqiCGxmlJElil\nVGSXcNkwLUE9VHRQ34Jt/Ctgf+3BDyHG/vYKJlgZy4l+hpWnh/3+UF0MrxIlt0c4\nrDPaqZl1kvWip9WE13NELr1aUcNrnw+/OW5Hu0Z+9uRVFM5MtKpToGoAjo9kdoMM\nWHqicomwsXGAppLHrpbUVpjtRVMxVwIDAQABAoICAQClU5wKNbOQZgisdVCWcoXE\nnrM5zKhWcBG7TCm9l9HF42iIa+I6AQ7swbajX2NjPX2HTy/IMPlD+E9huIqEAJmC\nWfVWeD9MSgHnenZo8lggvi/IOH5H6Re8RB48UcPU/TMO1e6MoPlSXEZKIcY5lbdC\ncJCBtJinSVmjD/YNXoyqWr1uxQOqT6DJBb64jvobDT01KwQspaHc3pRRMpt468qN\nS+aI0wlI/jngV/0Kk8121lHyOAWWRV1zkZDu4fV2HB52QElLQl1fe2q74HWYIXzO\nzTpnss5jhyeWGn26cgvc3tw34MStkjl45I50iBix4iYpN4FtEqibCsBbXcAUQzGk\nIZBYjloH9LYJTmgQJkGaT0itz3/dYzGByEQ0USRZz+zBvJxWNA6xoI653uPhLLHB\nwlbEJ3eIsKGNnd7IZIdCHgIJXnH7x5CXThFe24m0gkqLStVWH/D/X1MnNi6X0ZRG\nrqsoOzMsVpI2dCzSCrHFlsAt/IA3+gCes894IXJ7tJiCAZ5BJL/LbitJIHrmITyT\nkPtoGJdJvKBIFO5Q6R/4yh6uLbJE3bcFTGMK6ELyQD1KU40PpTXEOYYjpjX5hewS\npb6tK7a8NOWR6owURkCwSqmC5sX6uIx0Ng1bU7AVn18l77rIcG8PdRQ2oEQGpIfj\nWH41+tl7SqD/l996GtiZMQKCAQEA1Sf4pe2c9C6ZhCMZsRF1UjT9T4v4Msb+KPL6\n89HYVw99VqFPwqGEmK12a1AFLow1r96VIvg08SkdZZY+FR6Nca0M4tkR/eikiqh2\nrWuDLoAQv/NRsN4ESwvMwOXmEzTnAVC3t/oa3e6qw7IaoKZEzYVTUxCqrr5K069z\nKUAvE5/WmzlfkKQRKp7yZPs0dkT4m9sPlNvhlpmaAWZyZEE/7oJcYMw+n55oii3f\nShcUtqqZfRHPiD/ENnVPi/kv+vr04LtFpuoFheEKLxrvBlz9EempmFcQCBZigxk3\n9BgYt+yilTllkJoGuY6WdpiJ30FMni6Loxa/uGDtrgeY0c8J4wKCAQEA6CGgw0/A\nH2vY9QTi2RbA3W4mdStGJuFMGu5BL9Z5cT0/OYli270L+6+ZcBNL4wKEOaSzAJU9\nYwD+0fKMy0ap2zh6mZufyh11qZe8MSndLsCjWTGYADsP0jjC8IThAy+FpstPlINq\n+ByZyGQUEfWl8eITrQpCm97u9iBRgHPjdSkHGB4KmYMOI2irsYhkSMahN0sxl/WV\nsO3+i3fFmqIXvJr1QH+LwchNHDz7kan9yFmHZoubCFippFs51gynZQF85cVVOFwt\nKlgiamUOpNIhYIrKlC5h1ssvAlJyOAgwBp6rKGUq2LunGM+eIYyTar8PzLVEvkrW\nha03/MXR0uuk/QKCAQEAnw4HjZFECDVpml8ywZ0cZW5jAuOYHhO8/cNqHVwdycEm\nLumKAdrSfbcaYTNB2p0HRqeZs5Fwt++NHwvAYbP9qbCOqAuAUG4zsb/JZtiN97na\nRdGDyK2ymGlCrUIfr39PTPz1SlRXjfmU9RhGpE/NkWqGZbpPEruuTE1kaoiZWFRy\nKDvkoqK6qIoYp9+HIyWOOYZ6FwMIT39omtjeTQ8fbJNb6WMe666hpVJbhwa4DyI4\nDEqpCKtEd7qL1A/qjKaM6dD0RXvlCSSGm+XGLIJg2Of6BFIbBV3mvpqn1P3SHBR4\nsU82CXPVxsquXeqvHqe0S2jCC71i7Gtvj+fdUdnjLwKCAQAfd4+HamQs3j3G2Sa3\nLvJuEeR8taUI2Dms3OdRSM2loBvV/N29096v+5ndK4B6AXlTJxRs2846gYQJicu0\nMpwL75gPAp2ilGPC3aLRN0+Yaty51pM4VMlMQg2K9ThbajG/7oeXJkl14Mqn84kU\n9ivMokzwhBeLcakLDE6ADzWiSDGB/3CIZs+f1SyRIGAXzXVFPZg3dT8ZgOmkllPf\nJmH5Wzgryh5z4mcxkMK5eEXCxwAn0nztoLc+ZG9uqMB4XL9Fln566WPl/ZSMv65A\ngYusvqO/epogt+JjejGpjtKT0yZ4j15DiwyXvG0/NwM00TmfEmODODnkXRrd1SMg\naHkxAoIBAGj/Adr6H24xJ8LRpTpYUIJv7dKWm6gTanVPMXhHtN8zyT2/UybElPzI\nwUN/UYDQ/szSX3B3T757Adzp7Rb7FoF1QW+sHn1A2WzbljlssvILSmWpiFyXx3C+\nFmodICriDf8QgLVcwuP8ESremGDn7m2bWtEgSqWJmwMxIsagHwON+BI5RMyJqz6I\nIDCJMGkR2s4Dung/sdljsHy4nFWcFeMSEi9O/KAg6DqXnY4P9bdC5XUnP/g+B26I\nXCaEPqiaAiziDuNAqs8VXzAm7FfhMkqTHdJibIm/r2qD9X7KPj00/sxainU4bYY0\n1ukgx/eTZkwmJhIn3KuBUePKBf/mY48=\n-----END PRIVATE KEY-----\n",
            "public_key_fingerprint_md5": "ac:66:84:9e:47:8d:e4:6d:41:ad:e4:b7:a4:36:01:b5",
            "public_key_fingerprint_sha256": "SHA256:H1tNdZ2k/pX9nmsiL/5+QIzVhzM3ZXZOL094XqeG+D8",
            "public_key_openssh": "ssh-rsa AAAAB3NzaC1yc2EAAAADAQABAAACAQDBSDlZB/tHSyCJEJmkE9IJbYSS0/WaIMDNmfdnhBM+I9BgsCP510BDAWm0rU9H3+1RFJd3JgwY0EG7sznKG+HM2b0gkVth0MWnTFFy7dIAArS0xPt2aWEofNjBe12Q40aS7KJnS+qkoK19oVMoGr8W85CL37cPZh/up2I8WzJ3VZHgWtVoaz1/hd32EhP5kS0xpBsbPCL5XK6Xz3fa/PTHr39Zq3PgI/ZP46NTdKk8Uzoi9A/PrfZqCMU12sYajILDuRYSxtZCefo+I9PxdJeURZDCa0WrzBA+s30faKI0RhOO13pHi8hDlAD0cIwdiDmOR06v1iiPX4YBeJFESX78PyFLS9w44AuVJ6DsoXk35ehpk2cxgR4kjWT8obzrbPo9/6+XpkYc+91jXKSFMgydKSEb8YSykJCUNXjWb7AKLZQxiLEO4EGlnooJjdsg3m5jCVZPhp+n8u/Z+yZutqgMn5GruEerkKRPyHbXlxuHtR5gBDdVftLJhccXWgtyn2GyqiCGxmlJElilVGSXcNkwLUE9VHRQ34Jt/Ctgf+3BDyHG/vYKJlgZy4l+hpWnh/3+UF0MrxIlt0c4rDPaqZl1kvWip9WE13NELr1aUcNrnw+/OW5Hu0Z+9uRVFM5MtKpToGoAjo9kdoMMWHqicomwsXGAppLHrpbUVpjtRVMxVw==\n",
            "public_key_pem": "-----BEGIN PUBLIC KEY-----\nMIICIjANBgkqhkiG9w0BAQEFAAOCAg8AMIICCgKCAgEAwUg5WQf7R0sgiRCZpBPS\nCW2EktP1miDAzZn3Z4QTPiPQYLAj+ddAQwFptK1PR9/tURSXdyYMGNBBu7M5yhvh\nzNm9IJFbYdDFp0xRcu3SAAK0tMT7dmlhKHzYwXtdkONGkuyiZ0vqpKCtfaFTKBq/\nFvOQi9+3D2Yf7qdiPFsyd1WR4FrVaGs9f4Xd9hIT+ZEtMaQbGzwi+Vyul8932vz0\nx69/Watz4CP2T+OjU3SpPFM6IvQPz632agjFNdrGGoyCw7kWEsbWQnn6PiPT8XSX\nlEWQwmtFq8wQPrN9H2iiNEYTjtd6R4vIQ5QA9HCMHYg5jkdOr9Yoj1+GAXiRREl+\n/D8hS0vcOOALlSeg7KF5N+XoaZNnMYEeJI1k/KG862z6Pf+vl6ZGHPvdY1ykhTIM\nnSkhG/GEspCQlDV41m+wCi2UMYixDuBBpZ6KCY3bIN5uYwlWT4afp/Lv2fsmbrao\nDJ+Rq7hHq5CkT8h215cbh7UeYAQ3VX7SyYXHF1oLcp9hsqoghsZpSRJYpVRkl3DZ\nMC1BPVR0UN+CbfwrYH/twQ8hxv72CiZYGcuJfoaVp4f9/lBdDK8SJbdHOKwz2qmZ\ndZL1oqfVhNdzRC69WlHDa58PvzluR7tGfvbkVRTOTLSqU6BqAI6PZHaDDFh6onKJ\nsLFxgKaSx66W1FaY7UVTMVcCAwEAAQ==\n-----END PUBLIC KEY-----\n",
            "rsa_bits": 4096
          },
          "sensitive_attributes": [
            [
              {
                "type": "get_attr",
                "value": "private_key_pem_pkcs8"
              }
            ],
            [
              {
                "type": "get_attr",
                "value": "private_key_pem"
              }
            ],
            [
              {
                "type": "get_attr",
                "value": "private_key_openssh"
              }
            ]
          ]
        }
      ]
    }
  ],
  "check_results": null
}
